{
  "requires": true,
  "lockfileVersion": 1,
  "dependencies": {
    "@nivo/annotations": {
      "version": "0.73.0",
      "resolved": "https://registry.npmjs.org/@nivo/annotations/-/annotations-0.73.0.tgz",
      "integrity": "sha512-1rLAX5tcQh1Zo8ToENIO2WI1va72UhKc9K3219rtGRhXsy3f2hbmRZiw/iOJCLqzGtmT8RIKA++hOExWSyh4dQ==",
      "requires": {
        "@nivo/colors": "0.73.0",
        "@react-spring/web": "9.2.4",
        "lodash": "^4.17.21"
      }
    },
    "@nivo/axes": {
      "version": "0.73.0",
      "resolved": "https://registry.npmjs.org/@nivo/axes/-/axes-0.73.0.tgz",
      "integrity": "sha512-tyB+PqQTW117q9E5vz1jVTywDG6mjqD/RvtVGeqAwHziHAQxpSVb+r0UUtTFOgyaddEbLDaOXPqjD3l6Npo89g==",
      "requires": {
        "@nivo/scales": "0.73.0",
        "@react-spring/web": "9.2.4",
        "d3-format": "^1.4.4",
        "d3-time": "^1.0.11",
        "d3-time-format": "^3.0.0"
      },
      "dependencies": {
        "d3-time": {
          "version": "1.1.0",
          "resolved": "https://registry.npmjs.org/d3-time/-/d3-time-1.1.0.tgz",
          "integrity": "sha512-Xh0isrZ5rPYYdqhAVk8VLnMEidhz5aP7htAADH6MfzgmmicPkTo8LhkLxci61/lCB7n7UmE3bN0leRt+qvkLxA=="
        }
      }
    },
    "@nivo/bar": {
      "version": "0.73.1",
      "resolved": "https://registry.npmjs.org/@nivo/bar/-/bar-0.73.1.tgz",
      "integrity": "sha512-sBltCxCEgFV7kErW4K14OSUjsU1cmYAWWvKoelVI1NTJ0MWhH/Z4UVip6+Zk7/TOzdZntT0x3SE6cAc9Ov7rxg==",
      "requires": {
        "@nivo/annotations": "0.73.0",
        "@nivo/axes": "0.73.0",
        "@nivo/colors": "0.73.0",
        "@nivo/legends": "0.73.0",
        "@nivo/recompose": "0.73.0",
        "@nivo/scales": "0.73.0",
        "@nivo/tooltip": "0.73.0",
        "@react-spring/web": "9.2.4",
        "d3-scale": "^3.2.3",
        "d3-shape": "^1.2.2",
        "lodash": "^4.17.21"
      }
    },
    "@nivo/colors": {
      "version": "0.73.0",
      "resolved": "https://registry.npmjs.org/@nivo/colors/-/colors-0.73.0.tgz",
      "integrity": "sha512-6T1FBR+sv7cCfAZCkjeY71//W4RqDNGkXJqsnyJA/6EsjLEbOBc1l2v66cRmZs2bioOkYcS+f4hQxB9d1WAgwA==",
      "requires": {
        "d3-color": "^2.0.0",
        "d3-scale": "^3.2.3",
        "d3-scale-chromatic": "^2.0.0",
        "lodash": "^4.17.21",
        "react-motion": "^0.5.2"
      }
    },
    "@nivo/core": {
      "version": "0.73.0",
      "resolved": "https://registry.npmjs.org/@nivo/core/-/core-0.73.0.tgz",
      "integrity": "sha512-NFKSk5NQgC2NB3olG8hltN4b4Ri0rB0vt3q1yGmQj+RdGRS4f82Dtwt5Ratxu6QeZD8lt0DhqN9Q7TJ+j/kt0g==",
      "requires": {
        "@nivo/recompose": "0.73.0",
        "@react-spring/web": "9.2.4",
        "d3-color": "^2.0.0",
        "d3-format": "^1.4.4",
        "d3-hierarchy": "^1.1.8",
        "d3-interpolate": "^2.0.1",
        "d3-scale": "^3.2.3",
        "d3-scale-chromatic": "^2.0.0",
        "d3-shape": "^1.3.5",
        "d3-time-format": "^3.0.0",
        "lodash": "^4.17.21",
        "resize-observer-polyfill": "^1.5.1"
      }
    },
    "@nivo/legends": {
      "version": "0.73.0",
      "resolved": "https://registry.npmjs.org/@nivo/legends/-/legends-0.73.0.tgz",
      "integrity": "sha512-OWyu3U6PJL2VGlAfoz6nTU4opXHlR0yp0h+0Q0rf/hMKQLiew6NmecKcR1Nx2Qw4dJHgOnZRXqQ6vQrhcNV3WQ=="
    },
    "@nivo/recompose": {
      "version": "0.73.0",
      "resolved": "https://registry.npmjs.org/@nivo/recompose/-/recompose-0.73.0.tgz",
      "integrity": "sha512-WzFJMkyfX1jGPxjcGjvMKxzodgARv9x+alWbr4o39wJ+0eqpZlq6K7oaJ0RnVazcKrKxIe7mKK2piZ0usRt+Zg==",
      "requires": {
        "react-lifecycles-compat": "^3.0.4"
      }
    },
    "@nivo/scales": {
      "version": "0.73.0",
      "resolved": "https://registry.npmjs.org/@nivo/scales/-/scales-0.73.0.tgz",
      "integrity": "sha512-xnvCEXz6KkT7/SG4ubJ/hBtbMcTraZnJSKKSVkttBkvfIhkSpQChHkNX8g0Wd4hpwBv2QlltLbjoD6pJ0b/mRA==",
      "requires": {
        "d3-scale": "^3.2.3",
        "d3-time": "^1.0.11",
        "d3-time-format": "^3.0.0",
        "lodash": "^4.17.21"
      },
      "dependencies": {
        "d3-time": {
          "version": "1.1.0",
          "resolved": "https://registry.npmjs.org/d3-time/-/d3-time-1.1.0.tgz",
          "integrity": "sha512-Xh0isrZ5rPYYdqhAVk8VLnMEidhz5aP7htAADH6MfzgmmicPkTo8LhkLxci61/lCB7n7UmE3bN0leRt+qvkLxA=="
        }
      }
    },
    "@nivo/tooltip": {
      "version": "0.73.0",
      "resolved": "https://registry.npmjs.org/@nivo/tooltip/-/tooltip-0.73.0.tgz",
      "integrity": "sha512-6tRRV5mzn1siArAlChXqBC/ISD0AV0tvGRbuyZokVXcM2xbvtfi6OAPaZ10UYbVejBo1rRI3gnhhyNkP0UG2ug==",
      "requires": {
        "@react-spring/web": "9.2.4"
      }
    },
    "@react-spring/animated": {
      "version": "9.2.4",
      "resolved": "https://registry.npmjs.org/@react-spring/animated/-/animated-9.2.4.tgz",
      "integrity": "sha512-AfV6ZM8pCCAT29GY5C8/1bOPjZrv/7kD0vedjiE/tEYvNDwg9GlscrvsTViWR2XykJoYrDfdkYArrldWpsCJ5g==",
      "requires": {
        "@react-spring/shared": "~9.2.0",
        "@react-spring/types": "~9.2.0"
      }
    },
    "@react-spring/core": {
      "version": "9.2.4",
      "resolved": "https://registry.npmjs.org/@react-spring/core/-/core-9.2.4.tgz",
      "integrity": "sha512-R+PwyfsjiuYCWqaTTfCpYpRmsP0h87RNm7uxC1Uxy7QAHUfHEm2sAHn+AdHPwq/MbVwDssVT8C5yf2WGcqiXGg==",
      "requires": {
        "@react-spring/animated": "~9.2.0",
        "@react-spring/shared": "~9.2.0",
        "@react-spring/types": "~9.2.0"
      }
    },
    "@react-spring/rafz": {
      "version": "9.2.4",
      "resolved": "https://registry.npmjs.org/@react-spring/rafz/-/rafz-9.2.4.tgz",
      "integrity": "sha512-SOKf9eue+vAX+DGo7kWYNl9i9J3gPUlQjifIcV9Bzw9h3i30wPOOP0TjS7iMG/kLp2cdHQYDNFte6nt23VAZkQ=="
    },
    "@react-spring/shared": {
      "version": "9.2.4",
      "resolved": "https://registry.npmjs.org/@react-spring/shared/-/shared-9.2.4.tgz",
      "integrity": "sha512-ZEr4l2BxmyFRUvRA2VCkPfCJii4E7cGkwbjmTBx1EmcGrOnde/V2eF5dxqCTY3k35QuCegkrWe0coRJVkh8q2Q==",
      "requires": {
        "@react-spring/rafz": "~9.2.0",
        "@react-spring/types": "~9.2.0"
      }
    },
    "@react-spring/types": {
      "version": "9.2.4",
      "resolved": "https://registry.npmjs.org/@react-spring/types/-/types-9.2.4.tgz",
      "integrity": "sha512-zHUXrWO8nweUN/ISjrjqU7GgXXvoEbFca1CgiE0TY0H/dqJb3l+Rhx8ecPVNYimzFg3ZZ1/T0egpLop8SOv4aA=="
    },
    "@react-spring/web": {
      "version": "9.2.4",
      "resolved": "https://registry.npmjs.org/@react-spring/web/-/web-9.2.4.tgz",
      "integrity": "sha512-vtPvOalLFvuju/MDBtoSnCyt0xXSL6Amyv82fljOuWPl1yGd4M1WteijnYL9Zlriljl0a3oXcPunAVYTD9dbDQ==",
      "requires": {
        "@react-spring/animated": "~9.2.0",
        "@react-spring/core": "~9.2.0",
        "@react-spring/shared": "~9.2.0",
        "@react-spring/types": "~9.2.0"
      }
    },
    "d3-array": {
      "version": "2.12.1",
      "resolved": "https://registry.npmjs.org/d3-array/-/d3-array-2.12.1.tgz",
      "integrity": "sha512-B0ErZK/66mHtEsR1TkPEEkwdy+WDesimkM5gpZr5Dsg54BiTA5RXtYW5qTLIAcekaS9xfZrzBLF/OAkB3Qn1YQ==",
      "requires": {
        "internmap": "^1.0.0"
      }
    },
    "d3-color": {
      "version": "2.0.0",
      "resolved": "https://registry.npmjs.org/d3-color/-/d3-color-2.0.0.tgz",
      "integrity": "sha512-SPXi0TSKPD4g9tw0NMZFnR95XVgUZiBH+uUTqQuDu1OsE2zomHU7ho0FISciaPvosimixwHFl3WHLGabv6dDgQ=="
    },
    "d3-format": {
      "version": "1.4.5",
      "resolved": "https://registry.npmjs.org/d3-format/-/d3-format-1.4.5.tgz",
      "integrity": "sha512-J0piedu6Z8iB6TbIGfZgDzfXxUFN3qQRMofy2oPdXzQibYGqPB/9iMcxr/TGalU+2RsyDO+U4f33id8tbnSRMQ=="
    },
    "d3-hierarchy": {
      "version": "1.1.9",
      "resolved": "https://registry.npmjs.org/d3-hierarchy/-/d3-hierarchy-1.1.9.tgz",
      "integrity": "sha512-j8tPxlqh1srJHAtxfvOUwKNYJkQuBFdM1+JAUfq6xqH5eAqf93L7oG1NVqDa4CpFZNvnNKtCYEUC8KY9yEn9lQ=="
    },
    "d3-interpolate": {
      "version": "2.0.1",
      "resolved": "https://registry.npmjs.org/d3-interpolate/-/d3-interpolate-2.0.1.tgz",
      "integrity": "sha512-c5UhwwTs/yybcmTpAVqwSFl6vrQ8JZJoT5F7xNFK9pymv5C0Ymcc9/LIJHtYIggg/yS9YHw8i8O8tgb9pupjeQ==",
      "requires": {
        "d3-color": "1 - 2"
      }
    },
    "d3-path": {
      "version": "1.0.9",
      "resolved": "https://registry.npmjs.org/d3-path/-/d3-path-1.0.9.tgz",
      "integrity": "sha512-VLaYcn81dtHVTjEHd8B+pbe9yHWpXKZUC87PzoFmsFrJqgFwDe/qxfp5MlfsfM1V5E/iVt0MmEbWQ7FVIXh/bg=="
    },
    "d3-scale": {
      "version": "3.3.0",
      "resolved": "https://registry.npmjs.org/d3-scale/-/d3-scale-3.3.0.tgz",
      "integrity": "sha512-1JGp44NQCt5d1g+Yy+GeOnZP7xHo0ii8zsQp6PGzd+C1/dl0KGsp9A7Mxwp+1D1o4unbTTxVdU/ZOIEBoeZPbQ==",
      "requires": {
        "d3-array": "^2.3.0",
        "d3-format": "1 - 2",
        "d3-interpolate": "1.2.0 - 2",
        "d3-time": "^2.1.1",
        "d3-time-format": "2 - 3"
      }
    },
    "d3-scale-chromatic": {
      "version": "2.0.0",
      "resolved": "https://registry.npmjs.org/d3-scale-chromatic/-/d3-scale-chromatic-2.0.0.tgz",
      "integrity": "sha512-LLqy7dJSL8yDy7NRmf6xSlsFZ6zYvJ4BcWFE4zBrOPnQERv9zj24ohnXKRbyi9YHnYV+HN1oEO3iFK971/gkzA==",
      "requires": {
        "d3-color": "1 - 2",
        "d3-interpolate": "1 - 2"
      }
    },
    "d3-shape": {
      "version": "1.3.7",
      "resolved": "https://registry.npmjs.org/d3-shape/-/d3-shape-1.3.7.tgz",
      "integrity": "sha512-EUkvKjqPFUAZyOlhY5gzCxCeI0Aep04LwIRpsZ/mLFelJiUfnK56jo5JMDSE7yyP2kLSb6LtF+S5chMk7uqPqw==",
      "requires": {
        "d3-path": "1"
      }
    },
    "d3-time": {
      "version": "2.1.1",
      "resolved": "https://registry.npmjs.org/d3-time/-/d3-time-2.1.1.tgz",
      "integrity": "sha512-/eIQe/eR4kCQwq7yxi7z4c6qEXf2IYGcjoWB5OOQy4Tq9Uv39/947qlDcN2TLkiTzQWzvnsuYPB9TrWaNfipKQ==",
      "requires": {
        "d3-array": "2"
      }
    },
    "d3-time-format": {
      "version": "3.0.0",
      "resolved": "https://registry.npmjs.org/d3-time-format/-/d3-time-format-3.0.0.tgz",
      "integrity": "sha512-UXJh6EKsHBTjopVqZBhFysQcoXSv/5yLONZvkQ5Kk3qbwiUYkdX17Xa1PT6U1ZWXGGfB1ey5L8dKMlFq2DO0Ag==",
      "requires": {
        "d3-time": "1 - 2"
      }
    },
    "internmap": {
      "version": "1.0.1",
      "resolved": "https://registry.npmjs.org/internmap/-/internmap-1.0.1.tgz",
      "integrity": "sha512-lDB5YccMydFBtasVtxnZ3MRBHuaoE8GKsppq+EchKL2U4nK/DmEpPHNH8MZe5HkMtpSiTSOZwfN0tzYjO/lJEw=="
    },
    "js-tokens": {
      "version": "4.0.0",
      "resolved": "https://registry.npmjs.org/js-tokens/-/js-tokens-4.0.0.tgz",
      "integrity": "sha512-RdJUflcE3cUzKiMqQgsCu06FPu9UdIJO0beYbPhHN4k6apgJtifcoCtT9bcxOpYBtpD2kCM6Sbzg4CausW/PKQ=="
    },
    "lodash": {
      "version": "4.17.21",
      "resolved": "https://registry.npmjs.org/lodash/-/lodash-4.17.21.tgz",
      "integrity": "sha512-v2kDEe57lecTulaDIuNTPy3Ry4gLGJ6Z1O3vE1krgXZNrsQ+LFTGHVxVjcXPs17LhbZVGedAJv8XZ1tvj5FvSg=="
    },
    "loose-envify": {
      "version": "1.4.0",
      "resolved": "https://registry.npmjs.org/loose-envify/-/loose-envify-1.4.0.tgz",
      "integrity": "sha512-lyuxPGr/Wfhrlem2CL/UcnUc1zcqKAImBDzukY7Y5F/yQiNdko6+fRLevlw1HgMySw7f611UIY408EtxRSoK3Q==",
      "requires": {
        "js-tokens": "^3.0.0 || ^4.0.0"
      }
    },
    "object-assign": {
      "version": "4.1.1",
      "resolved": "https://registry.npmjs.org/object-assign/-/object-assign-4.1.1.tgz",
      "integrity": "sha1-IQmtx5ZYh8/AXLvUQsrIv7s2CGM="
    },
    "performance-now": {
      "version": "0.2.0",
      "resolved": "https://registry.npmjs.org/performance-now/-/performance-now-0.2.0.tgz",
      "integrity": "sha1-M+8wxcd9TqIcWlOGnZG1bY8lVeU="
    },
    "prop-types": {
      "version": "15.7.2",
      "resolved": "https://registry.npmjs.org/prop-types/-/prop-types-15.7.2.tgz",
      "integrity": "sha512-8QQikdH7//R2vurIJSutZ1smHYTcLpRWEOlHnzcWHmBYrOGUysKwSsrC89BCiFj3CbrfJ/nXFdJepOVrY1GCHQ==",
      "requires": {
        "loose-envify": "^1.4.0",
        "object-assign": "^4.1.1",
        "react-is": "^16.8.1"
      }
    },
    "raf": {
      "version": "3.4.1",
      "resolved": "https://registry.npmjs.org/raf/-/raf-3.4.1.tgz",
      "integrity": "sha512-Sq4CW4QhwOHE8ucn6J34MqtZCeWFP2aQSmrlroYgqAV1PjStIhJXxYuTgUIfkEk7zTLjmIjLmU5q+fbD1NnOJA==",
      "requires": {
        "performance-now": "^2.1.0"
      },
      "dependencies": {
        "performance-now": {
          "version": "2.1.0",
          "resolved": "https://registry.npmjs.org/performance-now/-/performance-now-2.1.0.tgz",
          "integrity": "sha1-Ywn04OX6kT7BxpMHrjZLSzd8nns="
        }
      }
    },
    "react-is": {
      "version": "16.13.1",
      "resolved": "https://registry.npmjs.org/react-is/-/react-is-16.13.1.tgz",
      "integrity": "sha512-24e6ynE2H+OKt4kqsOvNd8kBpV65zoxbA4BVsEOB3ARVWQki/DHzaUoC5KuON/BiccDaCCTZBuOcfZs70kR8bQ=="
    },
    "react-lifecycles-compat": {
      "version": "3.0.4",
      "resolved": "https://registry.npmjs.org/react-lifecycles-compat/-/react-lifecycles-compat-3.0.4.tgz",
      "integrity": "sha512-fBASbA6LnOU9dOU2eW7aQ8xmYBSXUIWr+UmF9b1efZBazGNO+rcXT/icdKnYm2pTwcRylVUYwW7H1PHfLekVzA=="
    },
    "react-motion": {
      "version": "0.5.2",
      "resolved": "https://registry.npmjs.org/react-motion/-/react-motion-0.5.2.tgz",
      "integrity": "sha512-9q3YAvHoUiWlP3cK0v+w1N5Z23HXMj4IF4YuvjvWegWqNPfLXsOBE/V7UvQGpXxHFKRQQcNcVQE31g9SB/6qgQ==",
      "requires": {
        "performance-now": "^0.2.0",
        "prop-types": "^15.5.8",
        "raf": "^3.1.0"
      }
    },
    "resize-observer-polyfill": {
      "version": "1.5.1",
      "resolved": "https://registry.npmjs.org/resize-observer-polyfill/-/resize-observer-polyfill-1.5.1.tgz",
      "integrity": "sha512-LwZrotdHOo12nQuZlHEmtuXdqGoOD0OhaxopaNFxWzInpEgaLWoVuAMbTzixuosCx2nEG58ngzW3vxdWoxIgdg=="
    }
  }
}
